
Microsoft Visual Studio Solution File, Format Version 12.00
# Visual Studio Version 17
VisualStudioVersion = 17.0.32112.339
MinimumVisualStudioVersion = 10.0.40219.1
Project("{FAE04EC0-301F-11D3-BF4B-00C04F79EFBC}") = "Assignment2", "Assignment2\Assignment2.csproj", "{CE2543D9-2A70-4480-A4DB-2FDF39CC7BD5}"
EndProject
Global
	GlobalSection(SolutionConfigurationPlatforms) = preSolution
		Debug|Any CPU = Debug|Any CPU
		Release|Any CPU = Release|Any CPU
	EndGlobalSection
	GlobalSection(ProjectConfigurationPlatforms) = postSolution
		{CE2543D9-2A70-4480-A4DB-2FDF39CC7BD5}.Debug|Any CPU.ActiveCfg = Debug|Any CPU
		{CE2543D9-2A70-4480-A4DB-2FDF39CC7BD5}.Debug|Any CPU.Build.0 = Debug|Any CPU
		{CE2543D9-2A70-4480-A4DB-2FDF39CC7BD5}.Release|Any CPU.ActiveCfg = Release|Any CPU
		{CE2543D9-2A70-4480-A4DB-2FDF39CC7BD5}.Release|Any CPU.Build.0 = Release|Any CPU
	EndGlobalSection
	GlobalSection(SolutionProperties) = preSolution
		HideSolutionNode = FALSE
	EndGlobalSection
	GlobalSection(ExtensibilityGlobals) = postSolution
		SolutionGuid = {12AE8668-3B77-4AD4-BF00-86A47A884AE1}
	EndGlobalSection
EndGlobal
